// !$*UTF8*$!
{
	archiveVersion = 1;
	classes = {
	};
	objectVersion = 50;
	objects = {

/* Begin PBXBuildFile section */
		7AFE9C47213D0CD800E9C391 /* AppDelegate.m in Sources */ = {isa = PBXBuildFile; fileRef = 7AFE9C46213D0CD800E9C391 /* AppDelegate.m */; };
		7AFE9C4A213D0CD800E9C391 /* ViewController.m in Sources */ = {isa = PBXBuildFile; fileRef = 7AFE9C49213D0CD800E9C391 /* ViewController.m */; };
		7AFE9C4D213D0CD800E9C391 /* Main.storyboard in Resources */ = {isa = PBXBuildFile; fileRef = 7AFE9C4B213D0CD800E9C391 /* Main.storyboard */; };
		7AFE9C4F213D0CD900E9C391 /* Assets.xcassets in Resources */ = {isa = PBXBuildFile; fileRef = 7AFE9C4E213D0CD900E9C391 /* Assets.xcassets */; };
		7AFE9C52213D0CD900E9C391 /* LaunchScreen.storyboard in Resources */ = {isa = PBXBuildFile; fileRef = 7AFE9C50213D0CD900E9C391 /* LaunchScreen.storyboard */; };
		7AFE9C55213D0CD900E9C391 /* main.m in Sources */ = {isa = PBXBuildFile; fileRef = 7AFE9C54213D0CD900E9C391 /* main.m */; };
		7AFE9C5F213D0CDA00E9C391 /* _03___CITests.m in Sources */ = {isa = PBXBuildFile; fileRef = 7AFE9C5E213D0CDA00E9C391 /* _03___CITests.m */; };
		7AFE9C6A213D0CDA00E9C391 /* _03___CIUITests.m in Sources */ = {isa = PBXBuildFile; fileRef = 7AFE9C69213D0CDA00E9C391 /* _03___CIUITests.m */; };
/* End PBXBuildFile section */

/* Begin PBXContainerItemProxy section */
		7AFE9C5B213D0CDA00E9C391 /* PBXContainerItemProxy */ = {
			isa = PBXContainerItemProxy;
			containerPortal = 7AFE9C3A213D0CD700E9C391 /* Project object */;
			proxyType = 1;
			remoteGlobalIDString = 7AFE9C41213D0CD800E9C391;
			remoteInfo = "003---CI";
		};
		7AFE9C66213D0CDA00E9C391 /* PBXContainerItemProxy */ = {
			isa = PBXContainerItemProxy;
			containerPortal = 7AFE9C3A213D0CD700E9C391 /* Project object */;
			proxyType = 1;
			remoteGlobalIDString = 7AFE9C41213D0CD800E9C391;
			remoteInfo = "003---CI";
		};
/* End PBXContainerItemProxy section */

/* Begin PBXFileReference section */
		7AFE9C42213D0CD800E9C391 /* 003---CI.app */ = {isa = PBXFileReference; explicitFileType = wrapper.application; includeInIndex = 0; path = "003---CI.app"; sourceTree = BUILT_PRODUCTS_DIR; };
		7AFE9C45213D0CD800E9C391 /* AppDelegate.h */ = {isa = PBXFileReference; lastKnownFileType = sourcecode.c.h; path = AppDelegate.h; sourceTree = "<group>"; };
		7AFE9C46213D0CD800E9C391 /* AppDelegate.m */ = {isa = PBXFileReference; lastKnownFileType = sourcecode.c.objc; path = AppDelegate.m; sourceTree = "<group>"; };
		7AFE9C48213D0CD800E9C391 /* ViewController.h */ = {isa = PBXFileReference; lastKnownFileType = sourcecode.c.h; path = ViewController.h; sourceTree = "<group>"; };
		7AFE9C49213D0CD800E9C391 /* ViewController.m */ = {isa = PBXFileReference; lastKnownFileType = sourcecode.c.objc; path = ViewController.m; sourceTree = "<group>"; };
		7AFE9C4C213D0CD800E9C391 /* Base */ = {isa = PBXFileReference; lastKnownFileType = file.storyboard; name = Base; path = Base.lproj/Main.storyboard; sourceTree = "<group>"; };
		7AFE9C4E213D0CD900E9C391 /* Assets.xcassets */ = {isa = PBXFileReference; lastKnownFileType = folder.assetcatalog; path = Assets.xcassets; sourceTree = "<group>"; };
		7AFE9C51213D0CD900E9C391 /* Base */ = {isa = PBXFileReference; lastKnownFileType = file.storyboard; name = Base; path = Base.lproj/LaunchScreen.storyboard; sourceTree = "<group>"; };
		7AFE9C53213D0CD900E9C391 /* Info.plist */ = {isa = PBXFileReference; lastKnownFileType = text.plist.xml; path = Info.plist; sourceTree = "<group>"; };
		7AFE9C54213D0CD900E9C391 /* main.m */ = {isa = PBXFileReference; lastKnownFileType = sourcecode.c.objc; path = main.m; sourceTree = "<group>"; };
		7AFE9C5A213D0CDA00E9C391 /* 003---CITests.xctest */ = {isa = PBXFileReference; explicitFileType = wrapper.cfbundle; includeInIndex = 0; path = "003---CITests.xctest"; sourceTree = BUILT_PRODUCTS_DIR; };
		7AFE9C5E213D0CDA00E9C391 /* _03___CITests.m */ = {isa = PBXFileReference; lastKnownFileType = sourcecode.c.objc; path = "_03___CITests.m"; sourceTree = "<group>"; };
		7AFE9C60213D0CDA00E9C391 /* Info.plist */ = {isa = PBXFileReference; lastKnownFileType = text.plist.xml; path = Info.plist; sourceTree = "<group>"; };
		7AFE9C65213D0CDA00E9C391 /* 003---CIUITests.xctest */ = {isa = PBXFileReference; explicitFileType = wrapper.cfbundle; includeInIndex = 0; path = "003---CIUITests.xctest"; sourceTree = BUILT_PRODUCTS_DIR; };
		7AFE9C69213D0CDA00E9C391 /* _03___CIUITests.m */ = {isa = PBXFileReference; lastKnownFileType = sourcecode.c.objc; path = "_03___CIUITests.m"; sourceTree = "<group>"; };
		7AFE9C6B213D0CDA00E9C391 /* Info.plist */ = {isa = PBXFileReference; lastKnownFileType = text.plist.xml; path = Info.plist; sourceTree = "<group>"; };
/* End PBXFileReference section */

/* Begin PBXFrameworksBuildPhase section */
		7AFE9C3F213D0CD800E9C391 /* Frameworks */ = {
			isa = PBXFrameworksBuildPhase;
			buildActionMask = 2147483647;
			files = (
			);
			runOnlyForDeploymentPostprocessing = 0;
		};
		7AFE9C57213D0CD900E9C391 /* Frameworks */ = {
			isa = PBXFrameworksBuildPhase;
			buildActionMask = 2147483647;
			files = (
			);
			runOnlyForDeploymentPostprocessing = 0;
		};
		7AFE9C62213D0CDA00E9C391 /* Frameworks */ = {
			isa = PBXFrameworksBuildPhase;
			buildActionMask = 2147483647;
			files = (
			);
			runOnlyForDeploymentPostprocessing = 0;
		};
/* End PBXFrameworksBuildPhase section */

/* Begin PBXGroup section */
		7AFE9C39213D0CD700E9C391 = {
			isa = PBXGroup;
			children = (
				7AFE9C44213D0CD800E9C391 /* 003---CI */,
				7AFE9C5D213D0CDA00E9C391 /* 003---CITests */,
				7AFE9C68213D0CDA00E9C391 /* 003---CIUITests */,
				7AFE9C43213D0CD800E9C391 /* Products */,
			);
			sourceTree = "<group>";
		};
		7AFE9C43213D0CD800E9C391 /* Products */ = {
			isa = PBXGroup;
			children = (
				7AFE9C42213D0CD800E9C391 /* 003---CI.app */,
				7AFE9C5A213D0CDA00E9C391 /* 003---CITests.xctest */,
				7AFE9C65213D0CDA00E9C391 /* 003---CIUITests.xctest */,
			);
			name = Products;
			sourceTree = "<group>";
		};
		7AFE9C44213D0CD800E9C391 /* 003---CI */ = {
			isa = PBXGroup;
			children = (
				7AFE9C45213D0CD800E9C391 /* AppDelegate.h */,
				7AFE9C46213D0CD800E9C391 /* AppDelegate.m */,
				7AFE9C48213D0CD800E9C391 /* ViewController.h */,
				7AFE9C49213D0CD800E9C391 /* ViewController.m */,
				7AFE9C4B213D0CD800E9C391 /* Main.storyboard */,
				7AFE9C4E213D0CD900E9C391 /* Assets.xcassets */,
				7AFE9C50213D0CD900E9C391 /* LaunchScreen.storyboard */,
				7AFE9C53213D0CD900E9C391 /* Info.plist */,
				7AFE9C54213D0CD900E9C391 /* main.m */,
			);
			path = "003---CI";
			sourceTree = "<group>";
		};
		7AFE9C5D213D0CDA00E9C391 /* 003---CITests */ = {
			isa = PBXGroup;
			children = (
				7AFE9C5E213D0CDA00E9C391 /* _03___CITests.m */,
				7AFE9C60213D0CDA00E9C391 /* Info.plist */,
			);
			path = "003---CITests";
			sourceTree = "<group>";
		};
		7AFE9C68213D0CDA00E9C391 /* 003---CIUITests */ = {
			isa = PBXGroup;
			children = (
				7AFE9C69213D0CDA00E9C391 /* _03___CIUITests.m */,
				7AFE9C6B213D0CDA00E9C391 /* Info.plist */,
			);
			path = "003---CIUITests";
			sourceTree = "<group>";
		};
/* End PBXGroup section */

/* Begin PBXNativeTarget section */
		7AFE9C41213D0CD800E9C391 /* 003---CI */ = {
			isa = PBXNativeTarget;
			buildConfigurationList = 7AFE9C6E213D0CDA00E9C391 /* Build configuration list for PBXNativeTarget "003---CI" */;
			buildPhases = (
				7AFE9C3E213D0CD800E9C391 /* Sources */,
				7AFE9C3F213D0CD800E9C391 /* Frameworks */,
				7AFE9C40213D0CD800E9C391 /* Resources */,
			);
			buildRules = (
			);
			dependencies = (
			);
			name = "003---CI";
			productName = "003---CI";
			productReference = 7AFE9C42213D0CD800E9C391 /* 003---CI.app */;
			productType = "com.apple.product-type.application";
		};
		7AFE9C59213D0CD900E9C391 /* 003---CITests */ = {
			isa = PBXNativeTarget;
			buildConfigurationList = 7AFE9C71213D0CDA00E9C391 /* Build configuration list for PBXNativeTarget "003---CITests" */;
			buildPhases = (
				7AFE9C56213D0CD900E9C391 /* Sources */,
				7AFE9C57213D0CD900E9C391 /* Frameworks */,
				7AFE9C58213D0CD900E9C391 /* Resources */,
			);
			buildRules = (
			);
			dependencies = (
				7AFE9C5C213D0CDA00E9C391 /* PBXTargetDependency */,
			);
			name = "003---CITests";
			productName = "003---CITests";
			productReference = 7AFE9C5A213D0CDA00E9C391 /* 003---CITests.xctest */;
			productType = "com.apple.product-type.bundle.unit-test";
		};
		7AFE9C64213D0CDA00E9C391 /* 003---CIUITests */ = {
			isa = PBXNativeTarget;
			buildConfigurationList = 7AFE9C74213D0CDA00E9C391 /* Build configuration list for PBXNativeTarget "003---CIUITests" */;
			buildPhases = (
				7AFE9C61213D0CDA00E9C391 /* Sources */,
				7AFE9C62213D0CDA00E9C391 /* Frameworks */,
				7AFE9C63213D0CDA00E9C391 /* Resources */,
			);
			buildRules = (
			);
			dependencies = (
				7AFE9C67213D0CDA00E9C391 /* PBXTargetDependency */,
			);
			name = "003---CIUITests";
			productName = "003---CIUITests";
			productReference = 7AFE9C65213D0CDA00E9C391 /* 003---CIUITests.xctest */;
			productType = "com.apple.product-type.bundle.ui-testing";
		};
/* End PBXNativeTarget section */

/* Begin PBXProject section */
		7AFE9C3A213D0CD700E9C391 /* Project object */ = {
			isa = PBXProject;
			attributes = {
				LastUpgradeCheck = 0940;
				ORGANIZATIONNAME = cooci;
				TargetAttributes = {
					7AFE9C41213D0CD800E9C391 = {
						CreatedOnToolsVersion = 9.4.1;
					};
					7AFE9C59213D0CD900E9C391 = {
						CreatedOnToolsVersion = 9.4.1;
						TestTargetID = 7AFE9C41213D0CD800E9C391;
					};
					7AFE9C64213D0CDA00E9C391 = {
						CreatedOnToolsVersion = 9.4.1;
						TestTargetID = 7AFE9C41213D0CD800E9C391;
					};
				};
			};
			buildConfigurationList = 7AFE9C3D213D0CD700E9C391 /* Build configuration list for PBXProject "003---CI" */;
			compatibilityVersion = "Xcode 9.3";
			developmentRegion = en;
			hasScannedForEncodings = 0;
			knownRegions = (
				en,
				Base,
			);
			mainGroup = 7AFE9C39213D0CD700E9C391;
			productRefGroup = 7AFE9C43213D0CD800E9C391 /* Products */;
			projectDirPath = "";
			projectRoot = "";
			targets = (
				7AFE9C41213D0CD800E9C391 /* 003---CI */,
				7AFE9C59213D0CD900E9C391 /* 003---CITests */,
				7AFE9C64213D0CDA00E9C391 /* 003---CIUITests */,
			);
		};
/* End PBXProject section */

/* Begin PBXResourcesBuildPhase section */
		7AFE9C40213D0CD800E9C391 /* Resources */ = {
			isa = PBXResourcesBuildPhase;
			buildActionMask = 2147483647;
			files = (
				7AFE9C52213D0CD900E9C391 /* LaunchScreen.storyboard in Resources */,
				7AFE9C4F213D0CD900E9C391 /* Assets.xcassets in Resources */,
				7AFE9C4D213D0CD800E9C391 /* Main.storyboard in Resources */,
			);
			runOnlyForDeploymentPostprocessing = 0;
		};
		7AFE9C58213D0CD900E9C391 /* Resources */ = {
			isa = PBXResourcesBuildPhase;
			buildActionMask = 2147483647;
			files = (
			);
			runOnlyForDeploymentPostprocessing = 0;
		};
		7AFE9C63213D0CDA00E9C391 /* Resources */ = {
			isa = PBXResourcesBuildPhase;
			buildActionMask = 2147483647;
			files = (
			);
			runOnlyForDeploymentPostprocessing = 0;
		};
/* End PBXResourcesBuildPhase section */

/* Begin PBXSourcesBuildPhase section */
		7AFE9C3E213D0CD800E9C391 /* Sources */ = {
			isa = PBXSourcesBuildPhase;
			buildActionMask = 2147483647;
			files = (
				7AFE9C4A213D0CD800E9C391 /* ViewController.m in Sources */,
				7AFE9C55213D0CD900E9C391 /* main.m in Sources */,
				7AFE9C47213D0CD800E9C391 /* AppDelegate.m in Sources */,
			);
			runOnlyForDeploymentPostprocessing = 0;
		};
		7AFE9C56213D0CD900E9C391 /* Sources */ = {
			isa = PBXSourcesBuildPhase;
			buildActionMask = 2147483647;
			files = (
				7AFE9C5F213D0CDA00E9C391 /* _03___CITests.m in Sources */,
			);
			runOnlyForDeploymentPostprocessing = 0;
		};
		7AFE9C61213D0CDA00E9C391 /* Sources */ = {
			isa = PBXSourcesBuildPhase;
			buildActionMask = 2147483647;
			files = (
				7AFE9C6A213D0CDA00E9C391 /* _03___CIUITests.m in Sources */,
			);
			runOnlyForDeploymentPostprocessing = 0;
		};
/* End PBXSourcesBuildPhase section */

/* Begin PBXTargetDependency section */
		7AFE9C5C213D0CDA00E9C391 /* PBXTargetDependency */ = {
			isa = PBXTargetDependency;
			target = 7AFE9C41213D0CD800E9C391 /* 003---CI */;
			targetProxy = 7AFE9C5B213D0CDA00E9C391 /* PBXContainerItemProxy */;
		};
		7AFE9C67213D0CDA00E9C391 /* PBXTargetDependency */ = {
			isa = PBXTargetDependency;
			target = 7AFE9C41213D0CD800E9C391 /* 003---CI */;
			targetProxy = 7AFE9C66213D0CDA00E9C391 /* PBXContainerItemProxy */;
		};
/* End PBXTargetDependency section */

/* Begin PBXVariantGroup section */
		7AFE9C4B213D0CD800E9C391 /* Main.storyboard */ = {
			isa = PBXVariantGroup;
			children = (
				7AFE9C4C213D0CD800E9C391 /* Base */,
			);
			name = Main.storyboard;
			sourceTree = "<group>";
		};
		7AFE9C50213D0CD900E9C391 /* LaunchScreen.storyboard */ = {
			isa = PBXVariantGroup;
			children = (
				7AFE9C51213D0CD900E9C391 /* Base */,
			);
			name = LaunchScreen.storyboard;
			sourceTree = "<group>";
		};
/* End PBXVariantGroup section */

/* Begin XCBuildConfiguration section */
		7AFE9C6C213D0CDA00E9C391 /* Debug */ = {
			isa = XCBuildConfiguration;
			buildSettings = {
				ALWAYS_SEARCH_USER_PATHS = NO;
				CLANG_ANALYZER_NONNULL = YES;
				CLANG_ANALYZER_NUMBER_OBJECT_CONVERSION = YES_AGGRESSIVE;
				CLANG_CXX_LANGUAGE_STANDARD = "gnu++14";
				CLANG_CXX_LIBRARY = "libc++";
				CLANG_ENABLE_MODULES = YES;
				CLANG_ENABLE_OBJC_ARC = YES;
				CLANG_ENABLE_OBJC_WEAK = YES;
				CLANG_WARN_BLOCK_CAPTURE_AUTORELEASING = YES;
				CLANG_WARN_BOOL_CONVERSION = YES;
				CLANG_WARN_COMMA = YES;
				CLANG_WARN_CONSTANT_CONVERSION = YES;
				CLANG_WARN_DEPRECATED_OBJC_IMPLEMENTATIONS = YES;
				CLANG_WARN_DIRECT_OBJC_ISA_USAGE = YES_ERROR;
				CLANG_WARN_DOCUMENTATION_COMMENTS = YES;
				CLANG_WARN_EMPTY_BODY = YES;
				CLANG_WARN_ENUM_CONVERSION = YES;
				CLANG_WARN_INFINITE_RECURSION = YES;
				CLANG_WARN_INT_CONVERSION = YES;
				CLANG_WARN_NON_LITERAL_NULL_CONVERSION = YES;
				CLANG_WARN_OBJC_IMPLICIT_RETAIN_SELF = YES;
				CLANG_WARN_OBJC_LITERAL_CONVERSION = YES;
				CLANG_WARN_OBJC_ROOT_CLASS = YES_ERROR;
				CLANG_WARN_RANGE_LOOP_ANALYSIS = YES;
				CLANG_WARN_STRICT_PROTOTYPES = YES;
				CLANG_WARN_SUSPICIOUS_MOVE = YES;
				CLANG_WARN_UNGUARDED_AVAILABILITY = YES_AGGRESSIVE;
				CLANG_WARN_UNREACHABLE_CODE = YES;
				CLANG_WARN__DUPLICATE_METHOD_MATCH = YES;
				CODE_SIGN_IDENTITY = "iPhone Developer";
				COPY_PHASE_STRIP = NO;
				DEBUG_INFORMATION_FORMAT = dwarf;
				ENABLE_STRICT_OBJC_MSGSEND = YES;
				ENABLE_TESTABILITY = YES;
				GCC_C_LANGUAGE_STANDARD = gnu11;
				GCC_DYNAMIC_NO_PIC = NO;
				GCC_NO_COMMON_BLOCKS = YES;
				GCC_OPTIMIZATION_LEVEL = 0;
				GCC_PREPROCESSOR_DEFINITIONS = (
					"DEBUG=1",
					"$(inherited)",
				);
				GCC_WARN_64_TO_32_BIT_CONVERSION = YES;
				GCC_WARN_ABOUT_RETURN_TYPE = YES_ERROR;
				GCC_WARN_UNDECLARED_SELECTOR = YES;
				GCC_WARN_UNINITIALIZED_AUTOS = YES_AGGRESSIVE;
				GCC_WARN_UNUSED_FUNCTION = YES;
				GCC_WARN_UNUSED_VARIABLE = YES;
				IPHONEOS_DEPLOYMENT_TARGET = 11.4;
				MTL_ENABLE_DEBUG_INFO = YES;
				ONLY_ACTIVE_ARCH = YES;
				SDKROOT = iphoneos;
			};
			name = Debug;
		};
		7AFE9C6D213D0CDA00E9C391 /* Release */ = {
			isa = XCBuildConfiguration;
			buildSettings = {
				ALWAYS_SEARCH_USER_PATHS = NO;
				CLANG_ANALYZER_NONNULL = YES;
				CLANG_ANALYZER_NUMBER_OBJECT_CONVERSION = YES_AGGRESSIVE;
				CLANG_CXX_LANGUAGE_STANDARD = "gnu++14";
				CLANG_CXX_LIBRARY = "libc++";
				CLANG_ENABLE_MODULES = YES;
				CLANG_ENABLE_OBJC_ARC = YES;
				CLANG_ENABLE_OBJC_WEAK = YES;
				CLANG_WARN_BLOCK_CAPTURE_AUTORELEASING = YES;
				CLANG_WARN_BOOL_CONVERSION = YES;
				CLANG_WARN_COMMA = YES;
				CLANG_WARN_CONSTANT_CONVERSION = YES;
				CLANG_WARN_DEPRECATED_OBJC_IMPLEMENTATIONS = YES;
				CLANG_WARN_DIRECT_OBJC_ISA_USAGE = YES_ERROR;
				CLANG_WARN_DOCUMENTATION_COMMENTS = YES;
				CLANG_WARN_EMPTY_BODY = YES;
				CLANG_WARN_ENUM_CONVERSION = YES;
				CLANG_WARN_INFINITE_RECURSION = YES;
				CLANG_WARN_INT_CONVERSION = YES;
				CLANG_WARN_NON_LITERAL_NULL_CONVERSION = YES;
				CLANG_WARN_OBJC_IMPLICIT_RETAIN_SELF = YES;
				CLANG_WARN_OBJC_LITERAL_CONVERSION = YES;
				CLANG_WARN_OBJC_ROOT_CLASS = YES_ERROR;
				CLANG_WARN_RANGE_LOOP_ANALYSIS = YES;
				CLANG_WARN_STRICT_PROTOTYPES = YES;
				CLANG_WARN_SUSPICIOUS_MOVE = YES;
				CLANG_WARN_UNGUARDED_AVAILABILITY = YES_AGGRESSIVE;
				CLANG_WARN_UNREACHABLE_CODE = YES;
				CLANG_WARN__DUPLICATE_METHOD_MATCH = YES;
				CODE_SIGN_IDENTITY = "iPhone Developer";
				COPY_PHASE_STRIP = NO;
				DEBUG_INFORMATION_FORMAT = "dwarf-with-dsym";
				ENABLE_NS_ASSERTIONS = NO;
				ENABLE_STRICT_OBJC_MSGSEND = YES;
				GCC_C_LANGUAGE_STANDARD = gnu11;
				GCC_NO_COMMON_BLOCKS = YES;
				GCC_WARN_64_TO_32_BIT_CONVERSION = YES;
				GCC_WARN_ABOUT_RETURN_TYPE = YES_ERROR;
				GCC_WARN_UNDECLARED_SELECTOR = YES;
				GCC_WARN_UNINITIALIZED_AUTOS = YES_AGGRESSIVE;
				GCC_WARN_UNUSED_FUNCTION = YES;
				GCC_WARN_UNUSED_VARIABLE = YES;
				IPHONEOS_DEPLOYMENT_TARGET = 11.4;
				MTL_ENABLE_DEBUG_INFO = NO;
				SDKROOT = iphoneos;
				VALIDATE_PRODUCT = YES;
			};
			name = Release;
		};
		7AFE9C6F213D0CDA00E9C391 /* Debug */ = {
			isa = XCBuildConfiguration;
			buildSettings = {
				ASSETCATALOG_COMPILER_APPICON_NAME = AppIcon;
				CODE_SIGN_STYLE = Automatic;
				DEVELOPMENT_TEAM = U5LAHK8PW6;
				INFOPLIST_FILE = "003---CI/Info.plist";
				LD_RUNPATH_SEARCH_PATHS = (
					"$(inherited)",
					"@executable_path/Frameworks",
				);
				PRODUCT_BUNDLE_IDENTIFIER = "com.tz.cn.-03---CI";
				PRODUCT_NAME = "$(TARGET_NAME)";
				TARGETED_DEVICE_FAMILY = "1,2";
			};
			name = Debug;
		};
		7AFE9C70213D0CDA00E9C391 /* Release */ = {
			isa = XCBuildConfiguration;
			buildSettings = {
				ASSETCATALOG_COMPILER_APPICON_NAME = AppIcon;
				CODE_SIGN_STYLE = Automatic;
				DEVELOPMENT_TEAM = U5LAHK8PW6;
				INFOPLIST_FILE = "003---CI/Info.plist";
				LD_RUNPATH_SEARCH_PATHS = (
					"$(inherited)",
					"@executable_path/Frameworks",
				);
				PRODUCT_BUNDLE_IDENTIFIER = "com.tz.cn.-03---CI";
				PRODUCT_NAME = "$(TARGET_NAME)";
				TARGETED_DEVICE_FAMILY = "1,2";
			};
			name = Release;
		};
		7AFE9C72213D0CDA00E9C391 /* Debug */ = {
			isa = XCBuildConfiguration;
			buildSettings = {
				BUNDLE_LOADER = "$(TEST_HOST)";
				CODE_SIGN_STYLE = Automatic;
				DEVELOPMENT_TEAM = U5LAHK8PW6;
				INFOPLIST_FILE = "003---CITests/Info.plist";
				LD_RUNPATH_SEARCH_PATHS = (
					"$(inherited)",
					"@executable_path/Frameworks",
					"@loader_path/Frameworks",
				);
				PRODUCT_BUNDLE_IDENTIFIER = "com.tz.cn.-03---CITests";
				PRODUCT_NAME = "$(TARGET_NAME)";
				TARGETED_DEVICE_FAMILY = "1,2";
				TEST_HOST = "$(BUILT_PRODUCTS_DIR)/003---CI.app/003---CI";
			};
			name = Debug;
		};
		7AFE9C73213D0CDA00E9C391 /* Release */ = {
			isa = XCBuildConfiguration;
			buildSettings = {
				BUNDLE_LOADER = "$(TEST_HOST)";
				CODE_SIGN_STYLE = Automatic;
				DEVELOPMENT_TEAM = U5LAHK8PW6;
				INFOPLIST_FILE = "003---CITests/Info.plist";
				LD_RUNPATH_SEARCH_PATHS = (
					"$(inherited)",
					"@executable_path/Frameworks",
					"@loader_path/Frameworks",
				);
				PRODUCT_BUNDLE_IDENTIFIER = "com.tz.cn.-03---CITests";
				PRODUCT_NAME = "$(TARGET_NAME)";
				TARGETED_DEVICE_FAMILY = "1,2";
				TEST_HOST = "$(BUILT_PRODUCTS_DIR)/003---CI.app/003---CI";
			};
			name = Release;
		};
		7AFE9C75213D0CDA00E9C391 /* Debug */ = {
			isa = XCBuildConfiguration;
			buildSettings = {
				CODE_SIGN_STYLE = Automatic;
				DEVELOPMENT_TEAM = U5LAHK8PW6;
				INFOPLIST_FILE = "003---CIUITests/Info.plist";
				LD_RUNPATH_SEARCH_PATHS = (
					"$(inherited)",
					"@executable_path/Frameworks",
					"@loader_path/Frameworks",
				);
				PRODUCT_BUNDLE_IDENTIFIER = "com.tz.cn.-03---CIUITests";
				PRODUCT_NAME = "$(TARGET_NAME)";
				TARGETED_DEVICE_FAMILY = "1,2";
				TEST_TARGET_NAME = "003---CI";
			};
			name = Debug;
		};
		7AFE9C76213D0CDA00E9C391 /* Release */ = {
			isa = XCBuildConfiguration;
			buildSettings = {
				CODE_SIGN_STYLE = Automatic;
				DEVELOPMENT_TEAM = U5LAHK8PW6;
				INFOPLIST_FILE = "003---CIUITests/Info.plist";
				LD_RUNPATH_SEARCH_PATHS = (
					"$(inherited)",
					"@executable_path/Frameworks",
					"@loader_path/Frameworks",
				);
				PRODUCT_BUNDLE_IDENTIFIER = "com.tz.cn.-03---CIUITests";
				PRODUCT_NAME = "$(TARGET_NAME)";
				TARGETED_DEVICE_FAMILY = "1,2";
				TEST_TARGET_NAME = "003---CI";
			};
			name = Release;
		};
/* End XCBuildConfiguration section */

/* Begin XCConfigurationList section */
		7AFE9C3D213D0CD700E9C391 /* Build configuration list for PBXProject "003---CI" */ = {
			isa = XCConfigurationList;
			buildConfigurations = (
				7AFE9C6C213D0CDA00E9C391 /* Debug */,
				7AFE9C6D213D0CDA00E9C391 /* Release */,
			);
			defaultConfigurationIsVisible = 0;
			defaultConfigurationName = Release;
		};
		7AFE9C6E213D0CDA00E9C391 /* Build configuration list for PBXNativeTarget "003---CI" */ = {
			isa = XCConfigurationList;
			buildConfigurations = (
				7AFE9C6F213D0CDA00E9C391 /* Debug */,
				7AFE9C70213D0CDA00E9C391 /* Release */,
			);
			defaultConfigurationIsVisible = 0;
			defaultConfigurationName = Release;
		};
		7AFE9C71213D0CDA00E9C391 /* Build configuration list for PBXNativeTarget "003---CITests" */ = {
			isa = XCConfigurationList;
			buildConfigurations = (
				7AFE9C72213D0CDA00E9C391 /* Debug */,
				7AFE9C73213D0CDA00E9C391 /* Release */,
			);
			defaultConfigurationIsVisible = 0;
			defaultConfigurationName = Release;
		};
		7AFE9C74213D0CDA00E9C391 /* Build configuration list for PBXNativeTarget "003---CIUITests" */ = {
			isa = XCConfigurationList;
			buildConfigurations = (
				7AFE9C75213D0CDA00E9C391 /* Debug */,
				7AFE9C76213D0CDA00E9C391 /* Release */,
			);
			defaultConfigurationIsVisible = 0;
			defaultConfigurationName = Release;
		};
/* End XCConfigurationList section */
	};
	rootObject = 7AFE9C3A213D0CD700E9C391 /* Project object */;
}
